
Microsoft Visual Studio Solution File, Format Version 12.00
# Visual Studio Version 17
VisualStudioVersion = 17.2.32526.322
MinimumVisualStudioVersion = 10.0.40219.1
Project("{FAE04EC0-301F-11D3-BF4B-00C04F79EFBC}") = "WinFrmChangeColorWithVoice", "WinFrmChangeColorWithVoice\WinFrmChangeColorWithVoice.csproj", "{8E244603-928B-4C06-BBA4-3A9E65873093}"
EndProject
Global
	GlobalSection(SolutionConfigurationPlatforms) = preSolution
		Debug|Any CPU = Debug|Any CPU
		Release|Any CPU = Release|Any CPU
	EndGlobalSection
	GlobalSection(ProjectConfigurationPlatforms) = postSolution
		{8E244603-928B-4C06-BBA4-3A9E65873093}.Debug|Any CPU.ActiveCfg = Debug|Any CPU
		{8E244603-928B-4C06-BBA4-3A9E65873093}.Debug|Any CPU.Build.0 = Debug|Any CPU
		{8E244603-928B-4C06-BBA4-3A9E65873093}.Release|Any CPU.ActiveCfg = Release|Any CPU
		{8E244603-928B-4C06-BBA4-3A9E65873093}.Release|Any CPU.Build.0 = Release|Any CPU
	EndGlobalSection
	GlobalSection(SolutionProperties) = preSolution
		HideSolutionNode = FALSE
	EndGlobalSection
	GlobalSection(ExtensibilityGlobals) = postSolution
		SolutionGuid = {DDE7D8D3-ED37-42C9-A24B-B7E86C4E698F}
	EndGlobalSection
EndGlobal
